
Microsoft Visual Studio Solution File, Format Version 12.00
# Visual Studio 14
VisualStudioVersion = 14.0.25029.0
MinimumVisualStudioVersion = 10.0.40219.1
Project("{FAE04EC0-301F-11D3-BF4B-00C04F79EFBC}") = "AGA.WCF", "AGA.WCF\AGA.WCF.csproj", "{75895C6B-A118-4C64-9D6F-D960A7EFBF9E}"
EndProject
Project("{FAE04EC0-301F-11D3-BF4B-00C04F79EFBC}") = "AGASQLI", "AGASQLI\AGASQLI.csproj", "{ACB6FB56-F10C-4BFC-AF94-9CAA9FF8F31F}"
	ProjectSection(ProjectDependencies) = postProject
		{75895C6B-A118-4C64-9D6F-D960A7EFBF9E} = {75895C6B-A118-4C64-9D6F-D960A7EFBF9E}
	EndProjectSection
EndProject
Project("{FAE04EC0-301F-11D3-BF4B-00C04F79EFBC}") = "AGA.Business", "AGA.Business\AGA.Business.csproj", "{EB9C463F-FD9B-45D7-BE87-57F68CAB801B}"
EndProject
Project("{FAE04EC0-301F-11D3-BF4B-00C04F79EFBC}") = "AGA.Data", "AGA.Data\AGA.Data.csproj", "{DD4033DE-110F-48AD-937A-7A8D67D0DED2}"
EndProject
Project("{FAE04EC0-301F-11D3-BF4B-00C04F79EFBC}") = "AGA.DTO", "AGA.Dto\AGA.DTO.csproj", "{3FB72C65-3DC1-439F-9878-B74CC511B84E}"
EndProject
Project("{FAE04EC0-301F-11D3-BF4B-00C04F79EFBC}") = "AGA.Services", "AGA.Services\AGA.Services.csproj", "{89F86FF7-7BFB-475B-ADEA-C56F5995A87B}"
EndProject
Project("{FAE04EC0-301F-11D3-BF4B-00C04F79EFBC}") = "AGA.Tests", "AGA.Tests\AGA.Tests.csproj", "{0B44513A-FF05-4288-B3A5-C2FADDFD3BAA}"
EndProject
Global
	GlobalSection(SolutionConfigurationPlatforms) = preSolution
		Debug|Any CPU = Debug|Any CPU
		Release|Any CPU = Release|Any CPU
	EndGlobalSection
	GlobalSection(ProjectConfigurationPlatforms) = postSolution
		{75895C6B-A118-4C64-9D6F-D960A7EFBF9E}.Debug|Any CPU.ActiveCfg = Debug|Any CPU
		{75895C6B-A118-4C64-9D6F-D960A7EFBF9E}.Debug|Any CPU.Build.0 = Debug|Any CPU
		{75895C6B-A118-4C64-9D6F-D960A7EFBF9E}.Release|Any CPU.ActiveCfg = Release|Any CPU
		{75895C6B-A118-4C64-9D6F-D960A7EFBF9E}.Release|Any CPU.Build.0 = Release|Any CPU
		{ACB6FB56-F10C-4BFC-AF94-9CAA9FF8F31F}.Debug|Any CPU.ActiveCfg = Debug|Any CPU
		{ACB6FB56-F10C-4BFC-AF94-9CAA9FF8F31F}.Debug|Any CPU.Build.0 = Debug|Any CPU
		{ACB6FB56-F10C-4BFC-AF94-9CAA9FF8F31F}.Release|Any CPU.ActiveCfg = Release|Any CPU
		{ACB6FB56-F10C-4BFC-AF94-9CAA9FF8F31F}.Release|Any CPU.Build.0 = Release|Any CPU
		{EB9C463F-FD9B-45D7-BE87-57F68CAB801B}.Debug|Any CPU.ActiveCfg = Debug|Any CPU
		{EB9C463F-FD9B-45D7-BE87-57F68CAB801B}.Debug|Any CPU.Build.0 = Debug|Any CPU
		{EB9C463F-FD9B-45D7-BE87-57F68CAB801B}.Release|Any CPU.ActiveCfg = Release|Any CPU
		{EB9C463F-FD9B-45D7-BE87-57F68CAB801B}.Release|Any CPU.Build.0 = Release|Any CPU
		{DD4033DE-110F-48AD-937A-7A8D67D0DED2}.Debug|Any CPU.ActiveCfg = Debug|Any CPU
		{DD4033DE-110F-48AD-937A-7A8D67D0DED2}.Debug|Any CPU.Build.0 = Debug|Any CPU
		{DD4033DE-110F-48AD-937A-7A8D67D0DED2}.Release|Any CPU.ActiveCfg = Release|Any CPU
		{DD4033DE-110F-48AD-937A-7A8D67D0DED2}.Release|Any CPU.Build.0 = Release|Any CPU
		{3FB72C65-3DC1-439F-9878-B74CC511B84E}.Debug|Any CPU.ActiveCfg = Debug|Any CPU
		{3FB72C65-3DC1-439F-9878-B74CC511B84E}.Debug|Any CPU.Build.0 = Debug|Any CPU
		{3FB72C65-3DC1-439F-9878-B74CC511B84E}.Release|Any CPU.ActiveCfg = Release|Any CPU
		{3FB72C65-3DC1-439F-9878-B74CC511B84E}.Release|Any CPU.Build.0 = Release|Any CPU
		{89F86FF7-7BFB-475B-ADEA-C56F5995A87B}.Debug|Any CPU.ActiveCfg = Debug|Any CPU
		{89F86FF7-7BFB-475B-ADEA-C56F5995A87B}.Debug|Any CPU.Build.0 = Debug|Any CPU
		{89F86FF7-7BFB-475B-ADEA-C56F5995A87B}.Release|Any CPU.ActiveCfg = Release|Any CPU
		{89F86FF7-7BFB-475B-ADEA-C56F5995A87B}.Release|Any CPU.Build.0 = Release|Any CPU
		{0B44513A-FF05-4288-B3A5-C2FADDFD3BAA}.Debug|Any CPU.ActiveCfg = Debug|Any CPU
		{0B44513A-FF05-4288-B3A5-C2FADDFD3BAA}.Debug|Any CPU.Build.0 = Debug|Any CPU
		{0B44513A-FF05-4288-B3A5-C2FADDFD3BAA}.Release|Any CPU.ActiveCfg = Release|Any CPU
		{0B44513A-FF05-4288-B3A5-C2FADDFD3BAA}.Release|Any CPU.Build.0 = Release|Any CPU
	EndGlobalSection
	GlobalSection(SolutionProperties) = preSolution
		HideSolutionNode = FALSE
	EndGlobalSection
EndGlobal
